
Microsoft Visual Studio Solution File, Format Version 12.00
# Visual Studio 15
VisualStudioVersion = 15.0.28307.168
MinimumVisualStudioVersion = 10.0.40219.1
Project("{FAE04EC0-301F-11D3-BF4B-00C04F79EFBC}") = "CsvToJson", "CsvToJson\CsvToJson.csproj", "{1935FA5D-91B8-4AD2-AAE4-13EE70A532F7}"
EndProject
Global
	GlobalSection(SolutionConfigurationPlatforms) = preSolution
		Debug|Any CPU = Debug|Any CPU
		Release|Any CPU = Release|Any CPU
	EndGlobalSection
	GlobalSection(ProjectConfigurationPlatforms) = postSolution
		{1935FA5D-91B8-4AD2-AAE4-13EE70A532F7}.Debug|Any CPU.ActiveCfg = Debug|Any CPU
		{1935FA5D-91B8-4AD2-AAE4-13EE70A532F7}.Debug|Any CPU.Build.0 = Debug|Any CPU
		{1935FA5D-91B8-4AD2-AAE4-13EE70A532F7}.Release|Any CPU.ActiveCfg = Release|Any CPU
		{1935FA5D-91B8-4AD2-AAE4-13EE70A532F7}.Release|Any CPU.Build.0 = Release|Any CPU
	EndGlobalSection
	GlobalSection(SolutionProperties) = preSolution
		HideSolutionNode = FALSE
	EndGlobalSection
	GlobalSection(ExtensibilityGlobals) = postSolution
		SolutionGuid = {61565C5C-E79F-4B56-9078-ECCFEBF1C3F3}
	EndGlobalSection
EndGlobal
